
Microsoft Visual Studio Solution File, Format Version 12.00
# Visual Studio Version 17
Project("{8BC9CEB8-8B4A-11D0-8D11-00A0C91BC942}") = "ALL_BUILD", "ALL_BUILD.vcxproj", "{1331BFB9-6E93-3FCA-BBE2-C5C644F58290}"
	ProjectSection(ProjectDependencies) = postProject
		{BAC2488A-B842-3AD0-998D-DE4597D0AA63} = {BAC2488A-B842-3AD0-998D-DE4597D0AA63}
		{F707279D-DD08-39A0-A0CB-27EE5BC70C65} = {F707279D-DD08-39A0-A0CB-27EE5BC70C65}
	EndProjectSection
EndProject
Project("{8BC9CEB8-8B4A-11D0-8D11-00A0C91BC942}") = "INSTALL", "INSTALL.vcxproj", "{A705C82F-2086-38F8-A647-BD5FA85A2563}"
	ProjectSection(ProjectDependencies) = postProject
		{1331BFB9-6E93-3FCA-BBE2-C5C644F58290} = {1331BFB9-6E93-3FCA-BBE2-C5C644F58290}
		{BAC2488A-B842-3AD0-998D-DE4597D0AA63} = {BAC2488A-B842-3AD0-998D-DE4597D0AA63}
	EndProjectSection
EndProject
Project("{8BC9CEB8-8B4A-11D0-8D11-00A0C91BC942}") = "PACKAGE", "PACKAGE.vcxproj", "{7CFF1D9D-8F5C-3FF8-8586-FD59FFFC7DA8}"
	ProjectSection(ProjectDependencies) = postProject
		{1331BFB9-6E93-3FCA-BBE2-C5C644F58290} = {1331BFB9-6E93-3FCA-BBE2-C5C644F58290}
		{BAC2488A-B842-3AD0-998D-DE4597D0AA63} = {BAC2488A-B842-3AD0-998D-DE4597D0AA63}
	EndProjectSection
EndProject
Project("{8BC9CEB8-8B4A-11D0-8D11-00A0C91BC942}") = "ZERO_CHECK", "..\\ZERO_CHECK.vcxproj", "{BAC2488A-B842-3AD0-998D-DE4597D0AA63}"
	ProjectSection(ProjectDependencies) = postProject
	EndProjectSection
EndProject
Project("{8BC9CEB8-8B4A-11D0-8D11-00A0C91BC942}") = "igsc", "..\lib\igsc.vcxproj", "{F4DE90C0-14E3-3380-9CD7-4BD3B575A33D}"
	ProjectSection(ProjectDependencies) = postProject
		{BAC2488A-B842-3AD0-998D-DE4597D0AA63} = {BAC2488A-B842-3AD0-998D-DE4597D0AA63}
		{9F23D614-0686-34C3-B923-F4AE4EA62FB6} = {9F23D614-0686-34C3-B923-F4AE4EA62FB6}
	EndProjectSection
EndProject
Project("{8BC9CEB8-8B4A-11D0-8D11-00A0C91BC942}") = "igsc-cli", "igsc-cli.vcxproj", "{F707279D-DD08-39A0-A0CB-27EE5BC70C65}"
	ProjectSection(ProjectDependencies) = postProject
		{BAC2488A-B842-3AD0-998D-DE4597D0AA63} = {BAC2488A-B842-3AD0-998D-DE4597D0AA63}
		{F4DE90C0-14E3-3380-9CD7-4BD3B575A33D} = {F4DE90C0-14E3-3380-9CD7-4BD3B575A33D}
		{9F23D614-0686-34C3-B923-F4AE4EA62FB6} = {9F23D614-0686-34C3-B923-F4AE4EA62FB6}
	EndProjectSection
EndProject
Project("{8BC9CEB8-8B4A-11D0-8D11-00A0C91BC942}") = "libmetee", "..\\libmetee.vcxproj", "{9F23D614-0686-34C3-B923-F4AE4EA62FB6}"
	ProjectSection(ProjectDependencies) = postProject
		{BAC2488A-B842-3AD0-998D-DE4597D0AA63} = {BAC2488A-B842-3AD0-998D-DE4597D0AA63}
	EndProjectSection
EndProject
Global
	GlobalSection(SolutionConfigurationPlatforms) = preSolution
		Debug|x64 = Debug|x64
		Release|x64 = Release|x64
		MinSizeRel|x64 = MinSizeRel|x64
		RelWithDebInfo|x64 = RelWithDebInfo|x64
	EndGlobalSection
	GlobalSection(ProjectConfigurationPlatforms) = postSolution
		{1331BFB9-6E93-3FCA-BBE2-C5C644F58290}.Debug|x64.ActiveCfg = Debug|x64
		{1331BFB9-6E93-3FCA-BBE2-C5C644F58290}.Debug|x64.Build.0 = Debug|x64
		{1331BFB9-6E93-3FCA-BBE2-C5C644F58290}.Release|x64.ActiveCfg = Release|x64
		{1331BFB9-6E93-3FCA-BBE2-C5C644F58290}.Release|x64.Build.0 = Release|x64
		{1331BFB9-6E93-3FCA-BBE2-C5C644F58290}.MinSizeRel|x64.ActiveCfg = MinSizeRel|x64
		{1331BFB9-6E93-3FCA-BBE2-C5C644F58290}.MinSizeRel|x64.Build.0 = MinSizeRel|x64
		{1331BFB9-6E93-3FCA-BBE2-C5C644F58290}.RelWithDebInfo|x64.ActiveCfg = RelWithDebInfo|x64
		{1331BFB9-6E93-3FCA-BBE2-C5C644F58290}.RelWithDebInfo|x64.Build.0 = RelWithDebInfo|x64
		{A705C82F-2086-38F8-A647-BD5FA85A2563}.Debug|x64.ActiveCfg = Debug|x64
		{A705C82F-2086-38F8-A647-BD5FA85A2563}.Release|x64.ActiveCfg = Release|x64
		{A705C82F-2086-38F8-A647-BD5FA85A2563}.MinSizeRel|x64.ActiveCfg = MinSizeRel|x64
		{A705C82F-2086-38F8-A647-BD5FA85A2563}.RelWithDebInfo|x64.ActiveCfg = RelWithDebInfo|x64
		{7CFF1D9D-8F5C-3FF8-8586-FD59FFFC7DA8}.Debug|x64.ActiveCfg = Debug|x64
		{7CFF1D9D-8F5C-3FF8-8586-FD59FFFC7DA8}.Release|x64.ActiveCfg = Release|x64
		{7CFF1D9D-8F5C-3FF8-8586-FD59FFFC7DA8}.MinSizeRel|x64.ActiveCfg = MinSizeRel|x64
		{7CFF1D9D-8F5C-3FF8-8586-FD59FFFC7DA8}.RelWithDebInfo|x64.ActiveCfg = RelWithDebInfo|x64
		{BAC2488A-B842-3AD0-998D-DE4597D0AA63}.Debug|x64.ActiveCfg = Debug|x64
		{BAC2488A-B842-3AD0-998D-DE4597D0AA63}.Debug|x64.Build.0 = Debug|x64
		{BAC2488A-B842-3AD0-998D-DE4597D0AA63}.Release|x64.ActiveCfg = Release|x64
		{BAC2488A-B842-3AD0-998D-DE4597D0AA63}.Release|x64.Build.0 = Release|x64
		{BAC2488A-B842-3AD0-998D-DE4597D0AA63}.MinSizeRel|x64.ActiveCfg = MinSizeRel|x64
		{BAC2488A-B842-3AD0-998D-DE4597D0AA63}.MinSizeRel|x64.Build.0 = MinSizeRel|x64
		{BAC2488A-B842-3AD0-998D-DE4597D0AA63}.RelWithDebInfo|x64.ActiveCfg = RelWithDebInfo|x64
		{BAC2488A-B842-3AD0-998D-DE4597D0AA63}.RelWithDebInfo|x64.Build.0 = RelWithDebInfo|x64
		{F4DE90C0-14E3-3380-9CD7-4BD3B575A33D}.Debug|x64.ActiveCfg = Debug|x64
		{F4DE90C0-14E3-3380-9CD7-4BD3B575A33D}.Debug|x64.Build.0 = Debug|x64
		{F4DE90C0-14E3-3380-9CD7-4BD3B575A33D}.Release|x64.ActiveCfg = Release|x64
		{F4DE90C0-14E3-3380-9CD7-4BD3B575A33D}.Release|x64.Build.0 = Release|x64
		{F4DE90C0-14E3-3380-9CD7-4BD3B575A33D}.MinSizeRel|x64.ActiveCfg = MinSizeRel|x64
		{F4DE90C0-14E3-3380-9CD7-4BD3B575A33D}.MinSizeRel|x64.Build.0 = MinSizeRel|x64
		{F4DE90C0-14E3-3380-9CD7-4BD3B575A33D}.RelWithDebInfo|x64.ActiveCfg = RelWithDebInfo|x64
		{F4DE90C0-14E3-3380-9CD7-4BD3B575A33D}.RelWithDebInfo|x64.Build.0 = RelWithDebInfo|x64
		{F707279D-DD08-39A0-A0CB-27EE5BC70C65}.Debug|x64.ActiveCfg = Debug|x64
		{F707279D-DD08-39A0-A0CB-27EE5BC70C65}.Debug|x64.Build.0 = Debug|x64
		{F707279D-DD08-39A0-A0CB-27EE5BC70C65}.Release|x64.ActiveCfg = Release|x64
		{F707279D-DD08-39A0-A0CB-27EE5BC70C65}.Release|x64.Build.0 = Release|x64
		{F707279D-DD08-39A0-A0CB-27EE5BC70C65}.MinSizeRel|x64.ActiveCfg = MinSizeRel|x64
		{F707279D-DD08-39A0-A0CB-27EE5BC70C65}.MinSizeRel|x64.Build.0 = MinSizeRel|x64
		{F707279D-DD08-39A0-A0CB-27EE5BC70C65}.RelWithDebInfo|x64.ActiveCfg = RelWithDebInfo|x64
		{F707279D-DD08-39A0-A0CB-27EE5BC70C65}.RelWithDebInfo|x64.Build.0 = RelWithDebInfo|x64
		{9F23D614-0686-34C3-B923-F4AE4EA62FB6}.Debug|x64.ActiveCfg = Debug|x64
		{9F23D614-0686-34C3-B923-F4AE4EA62FB6}.Debug|x64.Build.0 = Debug|x64
		{9F23D614-0686-34C3-B923-F4AE4EA62FB6}.Release|x64.ActiveCfg = Release|x64
		{9F23D614-0686-34C3-B923-F4AE4EA62FB6}.Release|x64.Build.0 = Release|x64
		{9F23D614-0686-34C3-B923-F4AE4EA62FB6}.MinSizeRel|x64.ActiveCfg = MinSizeRel|x64
		{9F23D614-0686-34C3-B923-F4AE4EA62FB6}.MinSizeRel|x64.Build.0 = MinSizeRel|x64
		{9F23D614-0686-34C3-B923-F4AE4EA62FB6}.RelWithDebInfo|x64.ActiveCfg = RelWithDebInfo|x64
		{9F23D614-0686-34C3-B923-F4AE4EA62FB6}.RelWithDebInfo|x64.Build.0 = RelWithDebInfo|x64
	EndGlobalSection
	GlobalSection(ExtensibilityGlobals) = postSolution
		SolutionGuid = {F5909494-AC97-3289-898D-DB1A459941B9}
	EndGlobalSection
	GlobalSection(ExtensibilityAddIns) = postSolution
	EndGlobalSection
EndGlobal
