<?xml version="1.0" encoding="utf-8"?>
<Project ToolsVersion="17.0" xmlns="http://schemas.microsoft.com/developer/msbuild/2003">
  <ItemGroup>
    <ClCompile Include="D:\OneDrive\Documents\Projects\repos\igsc\src\igsc_cli.c">
      <Filter>Source Files</Filter>
    </ClCompile>
  </ItemGroup>
  <ItemGroup>
    <CustomBuild Include="D:\OneDrive\Documents\Projects\repos\igsc\src\CMakeLists.txt" />
  </ItemGroup>
  <ItemGroup>
    <ResourceCompile Include="D:\OneDrive\Documents\Projects\repos\igsc\builddir\src\igsc_cli.rc">
      <Filter>Source Files</Filter>
    </ResourceCompile>
  </ItemGroup>
  <ItemGroup>
    <Filter Include="Source Files">
      <UniqueIdentifier>{5BE87FCF-AB27-308F-B6C3-C57CE3606818}</UniqueIdentifier>
    </Filter>
  </ItemGroup>
</Project>
