<?xml version="1.0" encoding="utf-8"?>
<Project ToolsVersion="17.0" xmlns="http://schemas.microsoft.com/developer/msbuild/2003">
  <ItemGroup>
    <CustomBuild Include="D:\OneDrive\Documents\Projects\repos\igsc\builddir\metee-download\CMakeFiles\5c344b0aab61f6699f7826477b73c103\metee-mkdir.rule">
      <Filter>CMake Rules</Filter>
    </CustomBuild>
    <CustomBuild Include="D:\OneDrive\Documents\Projects\repos\igsc\builddir\metee-download\CMakeFiles\5c344b0aab61f6699f7826477b73c103\metee-download.rule">
      <Filter>CMake Rules</Filter>
    </CustomBuild>
    <CustomBuild Include="D:\OneDrive\Documents\Projects\repos\igsc\builddir\metee-download\CMakeFiles\5c344b0aab61f6699f7826477b73c103\metee-update.rule">
      <Filter>CMake Rules</Filter>
    </CustomBuild>
    <CustomBuild Include="D:\OneDrive\Documents\Projects\repos\igsc\builddir\metee-download\CMakeFiles\5c344b0aab61f6699f7826477b73c103\metee-patch.rule">
      <Filter>CMake Rules</Filter>
    </CustomBuild>
    <CustomBuild Include="D:\OneDrive\Documents\Projects\repos\igsc\builddir\metee-download\CMakeFiles\5c344b0aab61f6699f7826477b73c103\metee-configure.rule">
      <Filter>CMake Rules</Filter>
    </CustomBuild>
    <CustomBuild Include="D:\OneDrive\Documents\Projects\repos\igsc\builddir\metee-download\CMakeFiles\5c344b0aab61f6699f7826477b73c103\metee-build.rule">
      <Filter>CMake Rules</Filter>
    </CustomBuild>
    <CustomBuild Include="D:\OneDrive\Documents\Projects\repos\igsc\builddir\metee-download\CMakeFiles\5c344b0aab61f6699f7826477b73c103\metee-install.rule">
      <Filter>CMake Rules</Filter>
    </CustomBuild>
    <CustomBuild Include="D:\OneDrive\Documents\Projects\repos\igsc\builddir\metee-download\CMakeFiles\5c344b0aab61f6699f7826477b73c103\metee-test.rule">
      <Filter>CMake Rules</Filter>
    </CustomBuild>
    <CustomBuild Include="D:\OneDrive\Documents\Projects\repos\igsc\builddir\metee-download\CMakeFiles\b2d4cc2a288583bfa6f93f7ea2ac5a81\metee-complete.rule">
      <Filter>CMake Rules</Filter>
    </CustomBuild>
    <CustomBuild Include="D:\OneDrive\Documents\Projects\repos\igsc\builddir\metee-download\CMakeFiles\2a70f26823d63ade7045d841ba9cc9be\metee.rule">
      <Filter>CMake Rules</Filter>
    </CustomBuild>
    <CustomBuild Include="D:\OneDrive\Documents\Projects\repos\igsc\builddir\metee-download\CMakeLists.txt" />
  </ItemGroup>
  <ItemGroup>
    <None Include="D:\OneDrive\Documents\Projects\repos\igsc\builddir\metee-download\CMakeFiles\metee" />
  </ItemGroup>
  <ItemGroup>
    <Filter Include="CMake Rules">
      <UniqueIdentifier>{E9C8DA45-A651-36E5-8846-90B01E338955}</UniqueIdentifier>
    </Filter>
  </ItemGroup>
</Project>
